
Microsoft Visual Studio Solution File, Format Version 12.00
# Visual Studio Version 16
VisualStudioVersion = 16.0.30320.27
MinimumVisualStudioVersion = 10.0.40219.1
Project("{FAE04EC0-301F-11D3-BF4B-00C04F79EFBC}") = "UdpClientSampleExample", "UdpClientSampleExample\UdpClientSampleExample.csproj", "{9EC0C2E4-A84F-41AB-AA9F-AA129C8B8774}"
EndProject
Global
	GlobalSection(SolutionConfigurationPlatforms) = preSolution
		Debug|Any CPU = Debug|Any CPU
		Release|Any CPU = Release|Any CPU
	EndGlobalSection
	GlobalSection(ProjectConfigurationPlatforms) = postSolution
		{9EC0C2E4-A84F-41AB-AA9F-AA129C8B8774}.Debug|Any CPU.ActiveCfg = Debug|Any CPU
		{9EC0C2E4-A84F-41AB-AA9F-AA129C8B8774}.Debug|Any CPU.Build.0 = Debug|Any CPU
		{9EC0C2E4-A84F-41AB-AA9F-AA129C8B8774}.Release|Any CPU.ActiveCfg = Release|Any CPU
		{9EC0C2E4-A84F-41AB-AA9F-AA129C8B8774}.Release|Any CPU.Build.0 = Release|Any CPU
	EndGlobalSection
	GlobalSection(SolutionProperties) = preSolution
		HideSolutionNode = FALSE
	EndGlobalSection
	GlobalSection(ExtensibilityGlobals) = postSolution
		SolutionGuid = {B352E3C4-63F1-4395-88C9-C669155D1353}
	EndGlobalSection
EndGlobal
